{
    "_meta": {
        "hash": {
            "sha256": "24ff8cdb6f967992c9542626111bd6386a2758d8803a73bd81268a22224d0556"
        },
        "pipfile-spec": 6,
        "requires": {
            "python_version": "3.9"
        },
        "sources": [
            {
                "name": "pypi",
                "url": "https://pypi.org/simple",
                "verify_ssl": true
            }
        ]
    },
    "default": {
        "tinydb": {
            "hashes": [
                "sha256:30b0f718ebb288e42d2f69f3e1b18928739f25153e6b5308a234e95c1673de71",
                "sha256:d57c29524ecacc081ebc24f96e0d787bba11dc20d52634a32a709b878be3545a"
            ],
            "index": "pypi",
            "version": "==4.4.0"
        }
    },
    "develop": {}
}
